
Microsoft Visual Studio Solution File, Format Version 12.00
# Visual Studio 15
Project("{FAE04EC0-301F-11D3-BF4B-00C04F79EFBC}") = "LeitorPdfExemplo.Android", "LeitorPdfExemplo.Android\LeitorPdfExemplo.Android.csproj", "{94997FAD-8BF5-499B-B356-59F19DE46489}"
EndProject
Project("{FAE04EC0-301F-11D3-BF4B-00C04F79EFBC}") = "LeitorPdfExemplo.iOS", "LeitorPdfExemplo.iOS\LeitorPdfExemplo.iOS.csproj", "{B1CE67F6-B75C-4871-A75B-E0F6D5284933}"
EndProject
Project("{FAE04EC0-301F-11D3-BF4B-00C04F79EFBC}") = "LeitorPdfExemplo", "LeitorPdfExemplo\LeitorPdfExemplo.csproj", "{E01A5681-B49B-4424-A61B-CD8E09F4163D}"
EndProject
Global
	GlobalSection(SolutionConfigurationPlatforms) = preSolution
		Debug|Any CPU = Debug|Any CPU
		Release|Any CPU = Release|Any CPU
		Debug|iPhoneSimulator = Debug|iPhoneSimulator
		Release|iPhoneSimulator = Release|iPhoneSimulator
		Debug|iPhone = Debug|iPhone
		Release|iPhone = Release|iPhone
	EndGlobalSection
	GlobalSection(ProjectConfigurationPlatforms) = postSolution
		{94997FAD-8BF5-499B-B356-59F19DE46489}.Debug|Any CPU.ActiveCfg = Debug|Any CPU
		{94997FAD-8BF5-499B-B356-59F19DE46489}.Debug|Any CPU.Build.0 = Debug|Any CPU
		{94997FAD-8BF5-499B-B356-59F19DE46489}.Release|Any CPU.ActiveCfg = Release|Any CPU
		{94997FAD-8BF5-499B-B356-59F19DE46489}.Release|Any CPU.Build.0 = Release|Any CPU
		{94997FAD-8BF5-499B-B356-59F19DE46489}.Debug|iPhoneSimulator.ActiveCfg = Debug|Any CPU
		{94997FAD-8BF5-499B-B356-59F19DE46489}.Debug|iPhoneSimulator.Build.0 = Debug|Any CPU
		{94997FAD-8BF5-499B-B356-59F19DE46489}.Release|iPhoneSimulator.ActiveCfg = Release|Any CPU
		{94997FAD-8BF5-499B-B356-59F19DE46489}.Release|iPhoneSimulator.Build.0 = Release|Any CPU
		{94997FAD-8BF5-499B-B356-59F19DE46489}.Debug|iPhone.ActiveCfg = Debug|Any CPU
		{94997FAD-8BF5-499B-B356-59F19DE46489}.Debug|iPhone.Build.0 = Debug|Any CPU
		{94997FAD-8BF5-499B-B356-59F19DE46489}.Release|iPhone.ActiveCfg = Release|Any CPU
		{94997FAD-8BF5-499B-B356-59F19DE46489}.Release|iPhone.Build.0 = Release|Any CPU
		{B1CE67F6-B75C-4871-A75B-E0F6D5284933}.Debug|Any CPU.ActiveCfg = Debug|iPhoneSimulator
		{B1CE67F6-B75C-4871-A75B-E0F6D5284933}.Debug|Any CPU.Build.0 = Debug|iPhoneSimulator
		{B1CE67F6-B75C-4871-A75B-E0F6D5284933}.Release|Any CPU.ActiveCfg = Release|iPhoneSimulator
		{B1CE67F6-B75C-4871-A75B-E0F6D5284933}.Release|Any CPU.Build.0 = Release|iPhoneSimulator
		{B1CE67F6-B75C-4871-A75B-E0F6D5284933}.Debug|iPhoneSimulator.ActiveCfg = Debug|iPhoneSimulator
		{B1CE67F6-B75C-4871-A75B-E0F6D5284933}.Debug|iPhoneSimulator.Build.0 = Debug|iPhoneSimulator
		{B1CE67F6-B75C-4871-A75B-E0F6D5284933}.Release|iPhoneSimulator.ActiveCfg = Release|iPhoneSimulator
		{B1CE67F6-B75C-4871-A75B-E0F6D5284933}.Release|iPhoneSimulator.Build.0 = Release|iPhoneSimulator
		{B1CE67F6-B75C-4871-A75B-E0F6D5284933}.Debug|iPhone.ActiveCfg = Debug|iPhone
		{B1CE67F6-B75C-4871-A75B-E0F6D5284933}.Debug|iPhone.Build.0 = Debug|iPhone
		{B1CE67F6-B75C-4871-A75B-E0F6D5284933}.Release|iPhone.ActiveCfg = Release|iPhone
		{B1CE67F6-B75C-4871-A75B-E0F6D5284933}.Release|iPhone.Build.0 = Release|iPhone
		{E01A5681-B49B-4424-A61B-CD8E09F4163D}.Debug|Any CPU.ActiveCfg = Debug|Any CPU
		{E01A5681-B49B-4424-A61B-CD8E09F4163D}.Debug|Any CPU.Build.0 = Debug|Any CPU
		{E01A5681-B49B-4424-A61B-CD8E09F4163D}.Release|Any CPU.ActiveCfg = Release|Any CPU
		{E01A5681-B49B-4424-A61B-CD8E09F4163D}.Release|Any CPU.Build.0 = Release|Any CPU
		{E01A5681-B49B-4424-A61B-CD8E09F4163D}.Debug|iPhoneSimulator.ActiveCfg = Debug|Any CPU
		{E01A5681-B49B-4424-A61B-CD8E09F4163D}.Debug|iPhoneSimulator.Build.0 = Debug|Any CPU
		{E01A5681-B49B-4424-A61B-CD8E09F4163D}.Release|iPhoneSimulator.ActiveCfg = Release|Any CPU
		{E01A5681-B49B-4424-A61B-CD8E09F4163D}.Release|iPhoneSimulator.Build.0 = Release|Any CPU
		{E01A5681-B49B-4424-A61B-CD8E09F4163D}.Debug|iPhone.ActiveCfg = Debug|Any CPU
		{E01A5681-B49B-4424-A61B-CD8E09F4163D}.Debug|iPhone.Build.0 = Debug|Any CPU
		{E01A5681-B49B-4424-A61B-CD8E09F4163D}.Release|iPhone.ActiveCfg = Release|Any CPU
		{E01A5681-B49B-4424-A61B-CD8E09F4163D}.Release|iPhone.Build.0 = Release|Any CPU
	EndGlobalSection
EndGlobal
